PODS:
  - Apollo (0.10.1):
    - Apollo/Core (= 0.10.1)
  - Apollo/Core (0.10.1)

DEPENDENCIES:
  - Apollo (~> 0.10.1)

SPEC REPOS:
  https://github.com/cocoapods/specs.git:
    - Apollo

SPEC CHECKSUMS:
  Apollo: 4d690a9b2e48e8820182df4b988d7a253e1ee589

PODFILE CHECKSUM: 0ea6ec70a44c19c8e987cf0c8d89d0b2af24e42a

COCOAPODS: 1.5.3
